version = 1
requires-python = ">=3.3"
resolution-markers = [
    "python_full_version >= '3.9'",
    "python_full_version == '3.8.*'",
    "python_full_version == '3.7.*'",
    "python_full_version >= '3.6.8' and python_full_version < '3.7'",
    "python_full_version >= '3.6' and python_full_version < '3.6.8'",
    "python_full_version == '3.5.*'",
    "python_full_version < '3.5'",
]

[[package]]
name = "wrap-print"
version = "0.1.4"
source = { editable = "." }
